
Microsoft Visual Studio Solution File, Format Version 12.00
# Visual Studio 2012
Project("{8BC9CEB8-8B4A-11D0-8D11-00A0C91BC942}") = "LS0", "LS0.vcxproj", "{28FC5B46-22E6-4828-B08A-9EA65665EE75}"
EndProject
Project("{8BC9CEB8-8B4A-11D0-8D11-00A0C91BC942}") = "Fade2", "..\Fade2\Fade2.vcxproj", "{9C0ADDE2-1B46-4901-984C-B0C564358B37}"
EndProject
Project("{8BC9CEB8-8B4A-11D0-8D11-00A0C91BC942}") = "Aztec_New3", "..\Aztec_New3\Aztec_New3.vcxproj", "{80BA598F-35BB-411B-AFE4-22D8BC798A6A}"
EndProject
Global
	GlobalSection(SolutionConfigurationPlatforms) = preSolution
		Debug|Win32 = Debug|Win32
		Release|Win32 = Release|Win32
	EndGlobalSection
	GlobalSection(ProjectConfigurationPlatforms) = postSolution
		{28FC5B46-22E6-4828-B08A-9EA65665EE75}.Debug|Win32.ActiveCfg = Debug|Win32
		{28FC5B46-22E6-4828-B08A-9EA65665EE75}.Debug|Win32.Build.0 = Debug|Win32
		{28FC5B46-22E6-4828-B08A-9EA65665EE75}.Release|Win32.ActiveCfg = Release|Win32
		{28FC5B46-22E6-4828-B08A-9EA65665EE75}.Release|Win32.Build.0 = Release|Win32
		{9C0ADDE2-1B46-4901-984C-B0C564358B37}.Debug|Win32.ActiveCfg = Debug|Win32
		{9C0ADDE2-1B46-4901-984C-B0C564358B37}.Debug|Win32.Build.0 = Debug|Win32
		{9C0ADDE2-1B46-4901-984C-B0C564358B37}.Release|Win32.ActiveCfg = Release|Win32
		{9C0ADDE2-1B46-4901-984C-B0C564358B37}.Release|Win32.Build.0 = Release|Win32
		{80BA598F-35BB-411B-AFE4-22D8BC798A6A}.Debug|Win32.ActiveCfg = Debug|Win32
		{80BA598F-35BB-411B-AFE4-22D8BC798A6A}.Debug|Win32.Build.0 = Debug|Win32
		{80BA598F-35BB-411B-AFE4-22D8BC798A6A}.Release|Win32.ActiveCfg = Release|Win32
		{80BA598F-35BB-411B-AFE4-22D8BC798A6A}.Release|Win32.Build.0 = Release|Win32
	EndGlobalSection
	GlobalSection(SolutionProperties) = preSolution
		HideSolutionNode = FALSE
	EndGlobalSection
EndGlobal
